{
  "version": 4,
  "terraform_version": "1.11.4",
  "serial": 112,
  "lineage": "c6cadb24-8245-540a-0be7-a5f45f16f1e3",
  "outputs": {
    "private_subnet_a_id": {
      "value": "subnet-05e4201b24eb42a98",
      "type": "string"
    },
    "public_subnet_a_id": {
      "value": "subnet-0980c3c24a55816fb",
      "type": "string"
    },
    "public_subnet_b_id": {
      "value": "subnet-05d4c6e779ea31a8e",
      "type": "string"
    },
    "vpc_id": {
      "value": "vpc-03ad01ecfafb1de72",
      "type": "string"
    }
  },
  "resources": [
    {
      "mode": "data",
      "type": "aws_ami",
      "name": "amazon_linux_2023",
      "provider": "provider[\"registry.terraform.io/hashicorp/aws\"]",
      "instances": [
        {
          "schema_version": 0,
          "attributes": {
            "architecture": "x86_64",
            "arn": "arn:aws:ec2:us-east-2::image/ami-0167608b1929ca90b",
            "block_device_mappings": [
              {
                "device_name": "/dev/xvda",
                "ebs": {
                  "delete_on_termination": "true",
                  "encrypted": "false",
                  "iops": "3000",
                  "snapshot_id": "snap-0e9fe8355e9f4a866",
                  "throughput": "125",
                  "volume_size": "2",
                  "volume_type": "gp3"
                },
                "no_device": "",
                "virtual_name": ""
              }
            ],
            "boot_mode": "uefi-preferred",
            "creation_date": "2025-04-30T19:48:24.000Z",
            "deprecation_time": "2025-07-29T19:48:00.000Z",
            "description": "Amazon Linux 2023 AMI 2023.7.20250428.1 x86_64 Minimal HVM kernel-6.1",
            "ena_support": true,
            "executable_users": null,
            "filter": [
              {
                "name": "architecture",
                "values": [
                  "x86_64"
                ]
              },
              {
                "name": "name",
                "values": [
                  "al2023-ami-*-x86_64"
                ]
              },
              {
                "name": "virtualization-type",
                "values": [
                  "hvm"
                ]
              }
            ],
            "hypervisor": "xen",
            "id": "ami-0167608b1929ca90b",
            "image_id": "ami-0167608b1929ca90b",
            "image_location": "amazon/al2023-ami-minimal-2023.7.20250428.1-kernel-6.1-x86_64",
            "image_owner_alias": "amazon",
            "image_type": "machine",
            "imds_support": "v2.0",
            "include_deprecated": false,
            "kernel_id": "",
            "last_launched_time": "",
            "most_recent": true,
            "name": "al2023-ami-minimal-2023.7.20250428.1-kernel-6.1-x86_64",
            "name_regex": null,
            "owner_id": "137112412989",
            "owners": [
              "137112412989"
            ],
            "platform": "",
            "platform_details": "Linux/UNIX",
            "product_codes": [],
            "public": true,
            "ramdisk_id": "",
            "root_device_name": "/dev/xvda",
            "root_device_type": "ebs",
            "root_snapshot_id": "snap-0e9fe8355e9f4a866",
            "sriov_net_support": "simple",
            "state": "available",
            "state_reason": {
              "code": "UNSET",
              "message": "UNSET"
            },
            "tags": {},
            "timeouts": null,
            "tpm_support": "",
            "uefi_data": null,
            "usage_operation": "RunInstances",
            "virtualization_type": "hvm"
          },
          "sensitive_attributes": []
        }
      ]
    },
    {
      "mode": "managed",
      "type": "aws_eip",
      "name": "nat",
      "provider": "provider[\"registry.terraform.io/hashicorp/aws\"]",
      "instances": [
        {
          "schema_version": 0,
          "attributes": {
            "address": null,
            "allocation_id": "eipalloc-066ccd697026eba39",
            "arn": "arn:aws:ec2:us-east-2:732328309145:elastic-ip/eipalloc-066ccd697026eba39",
            "associate_with_private_ip": null,
            "association_id": "eipassoc-0acbc6e61849ed1f2",
            "carrier_ip": "",
            "customer_owned_ip": "",
            "customer_owned_ipv4_pool": "",
            "domain": "vpc",
            "id": "eipalloc-066ccd697026eba39",
            "instance": "",
            "ipam_pool_id": null,
            "network_border_group": "us-east-2",
            "network_interface": "eni-05f48eb679f507a71",
            "private_dns": "ip-10-0-1-8.us-east-2.compute.internal",
            "private_ip": "10.0.1.8",
            "ptr_record": "",
            "public_dns": "ec2-3-140-209-151.us-east-2.compute.amazonaws.com",
            "public_ip": "3.140.209.151",
            "public_ipv4_pool": "amazon",
            "tags": {
              "Environment": "dev",
              "ManagedBy": "Terraform",
              "Name": "tta-dev-nat-eip",
              "Project": "tta"
            },
            "tags_all": {
              "Environment": "dev",
              "ManagedBy": "Terraform",
              "Name": "tta-dev-nat-eip",
              "Project": "tta"
            },
            "timeouts": null,
            "vpc": true
          },
          "sensitive_attributes": [],
          "private": "eyJlMmJmYjczMC1lY2FhLTExZTYtOGY4OC0zNDM2M2JjN2M0YzAiOnsiZGVsZXRlIjoxODAwMDAwMDAwMDAsInJlYWQiOjkwMDAwMDAwMDAwMCwidXBkYXRlIjozMDAwMDAwMDAwMDB9fQ=="
        }
      ]
    },
    {
      "mode": "managed",
      "type": "aws_instance",
      "name": "ec2_private",
      "provider": "provider[\"registry.terraform.io/hashicorp/aws\"]",
      "instances": [
        {
          "schema_version": 1,
          "attributes": {
            "ami": "ami-0167608b1929ca90b",
            "arn": "arn:aws:ec2:us-east-2:732328309145:instance/i-04e2d9ae266a4648e",
            "associate_public_ip_address": false,
            "availability_zone": "us-east-2a",
            "capacity_reservation_specification": [
              {
                "capacity_reservation_preference": "open",
                "capacity_reservation_target": []
              }
            ],
            "cpu_core_count": 1,
            "cpu_options": [
              {
                "amd_sev_snp": "",
                "core_count": 1,
                "threads_per_core": 2
              }
            ],
            "cpu_threads_per_core": 2,
            "credit_specification": [
              {
                "cpu_credits": "unlimited"
              }
            ],
            "disable_api_stop": false,
            "disable_api_termination": false,
            "ebs_block_device": [],
            "ebs_optimized": false,
            "enable_primary_ipv6": null,
            "enclave_options": [
              {
                "enabled": false
              }
            ],
            "ephemeral_block_device": [],
            "get_password_data": false,
            "hibernation": false,
            "host_id": "",
            "host_resource_group_arn": null,
            "iam_instance_profile": "",
            "id": "i-04e2d9ae266a4648e",
            "instance_initiated_shutdown_behavior": "stop",
            "instance_lifecycle": "",
            "instance_market_options": [],
            "instance_state": "running",
            "instance_type": "t3a.micro",
            "ipv6_address_count": 0,
            "ipv6_addresses": [],
            "key_name": "tta-dev-key",
            "launch_template": [],
            "maintenance_options": [
              {
                "auto_recovery": "default"
              }
            ],
            "metadata_options": [
              {
                "http_endpoint": "enabled",
                "http_protocol_ipv6": "disabled",
                "http_put_response_hop_limit": 2,
                "http_tokens": "required",
                "instance_metadata_tags": "disabled"
              }
            ],
            "monitoring": false,
            "network_interface": [],
            "outpost_arn": "",
            "password_data": "",
            "placement_group": "",
            "placement_partition_number": 0,
            "primary_network_interface_id": "eni-0b19527149b3be857",
            "private_dns": "ip-10-0-3-18.us-east-2.compute.internal",
            "private_dns_name_options": [
              {
                "enable_resource_name_dns_a_record": false,
                "enable_resource_name_dns_aaaa_record": false,
                "hostname_type": "ip-name"
              }
            ],
            "private_ip": "10.0.3.18",
            "public_dns": "",
            "public_ip": "",
            "root_block_device": [
              {
                "delete_on_termination": true,
                "device_name": "/dev/xvda",
                "encrypted": true,
                "iops": 3000,
                "kms_key_id": "arn:aws:kms:us-east-2:732328309145:key/d9c89f9c-f5d6-48b3-be48-99e600941599",
                "tags": {},
                "tags_all": {},
                "throughput": 125,
                "volume_id": "vol-05dfafeac1968419e",
                "volume_size": 8,
                "volume_type": "gp3"
              }
            ],
            "secondary_private_ips": [],
            "security_groups": [],
            "source_dest_check": true,
            "spot_instance_request_id": "",
            "subnet_id": "subnet-05e4201b24eb42a98",
            "tags": {
              "Environment": "dev",
              "ManagedBy": "Terraform",
              "Name": "tta-dev-ec2-private",
              "Project": "tta"
            },
            "tags_all": {
              "Environment": "dev",
              "ManagedBy": "Terraform",
              "Name": "tta-dev-ec2-private",
              "Project": "tta"
            },
            "tenancy": "default",
            "timeouts": null,
            "user_data": null,
            "user_data_base64": null,
            "user_data_replace_on_change": false,
            "volume_tags": null,
            "vpc_security_group_ids": [
              "sg-0a8d7df6e79746b95"
            ]
          },
          "sensitive_attributes": [],
          "private": "eyJlMmJmYjczMC1lY2FhLTExZTYtOGY4OC0zNDM2M2JjN2M0YzAiOnsiY3JlYXRlIjo2MDAwMDAwMDAwMDAsImRlbGV0ZSI6MTIwMDAwMDAwMDAwMCwicmVhZCI6OTAwMDAwMDAwMDAwLCJ1cGRhdGUiOjYwMDAwMDAwMDAwMH0sInNjaGVtYV92ZXJzaW9uIjoiMSJ9",
          "dependencies": [
            "aws_key_pair.ec2_key",
            "aws_security_group.ssh_access",
            "aws_subnet.priv_a",
            "aws_vpc.dev",
            "data.aws_ami.amazon_linux_2023",
            "tls_private_key.ec2_key"
          ]
        }
      ]
    },
    {
      "mode": "managed",
      "type": "aws_instance",
      "name": "ec2_public",
      "provider": "provider[\"registry.terraform.io/hashicorp/aws\"]",
      "instances": [
        {
          "schema_version": 1,
          "attributes": {
            "ami": "ami-0167608b1929ca90b",
            "arn": "arn:aws:ec2:us-east-2:732328309145:instance/i-07530128a32f06a66",
            "associate_public_ip_address": true,
            "availability_zone": "us-east-2a",
            "capacity_reservation_specification": [
              {
                "capacity_reservation_preference": "open",
                "capacity_reservation_target": []
              }
            ],
            "cpu_core_count": 1,
            "cpu_options": [
              {
                "amd_sev_snp": "",
                "core_count": 1,
                "threads_per_core": 2
              }
            ],
            "cpu_threads_per_core": 2,
            "credit_specification": [
              {
                "cpu_credits": "unlimited"
              }
            ],
            "disable_api_stop": false,
            "disable_api_termination": false,
            "ebs_block_device": [],
            "ebs_optimized": false,
            "enable_primary_ipv6": null,
            "enclave_options": [
              {
                "enabled": false
              }
            ],
            "ephemeral_block_device": [],
            "get_password_data": false,
            "hibernation": false,
            "host_id": "",
            "host_resource_group_arn": null,
            "iam_instance_profile": "",
            "id": "i-07530128a32f06a66",
            "instance_initiated_shutdown_behavior": "stop",
            "instance_lifecycle": "",
            "instance_market_options": [],
            "instance_state": "running",
            "instance_type": "t3a.micro",
            "ipv6_address_count": 0,
            "ipv6_addresses": [],
            "key_name": "tta-dev-key",
            "launch_template": [],
            "maintenance_options": [
              {
                "auto_recovery": "default"
              }
            ],
            "metadata_options": [
              {
                "http_endpoint": "enabled",
                "http_protocol_ipv6": "disabled",
                "http_put_response_hop_limit": 2,
                "http_tokens": "required",
                "instance_metadata_tags": "disabled"
              }
            ],
            "monitoring": false,
            "network_interface": [],
            "outpost_arn": "",
            "password_data": "",
            "placement_group": "",
            "placement_partition_number": 0,
            "primary_network_interface_id": "eni-066a499b6e642332a",
            "private_dns": "ip-10-0-1-10.us-east-2.compute.internal",
            "private_dns_name_options": [
              {
                "enable_resource_name_dns_a_record": false,
                "enable_resource_name_dns_aaaa_record": false,
                "hostname_type": "ip-name"
              }
            ],
            "private_ip": "10.0.1.10",
            "public_dns": "ec2-18-116-86-5.us-east-2.compute.amazonaws.com",
            "public_ip": "18.116.86.5",
            "root_block_device": [
              {
                "delete_on_termination": true,
                "device_name": "/dev/xvda",
                "encrypted": true,
                "iops": 3000,
                "kms_key_id": "arn:aws:kms:us-east-2:732328309145:key/d9c89f9c-f5d6-48b3-be48-99e600941599",
                "tags": {},
                "tags_all": {},
                "throughput": 125,
                "volume_id": "vol-057382547b5d001cf",
                "volume_size": 8,
                "volume_type": "gp3"
              }
            ],
            "secondary_private_ips": [],
            "security_groups": [],
            "source_dest_check": true,
            "spot_instance_request_id": "",
            "subnet_id": "subnet-0980c3c24a55816fb",
            "tags": {
              "Environment": "dev",
              "ManagedBy": "Terraform",
              "Name": "tta-dev-ec2-public",
              "Project": "tta"
            },
            "tags_all": {
              "Environment": "dev",
              "ManagedBy": "Terraform",
              "Name": "tta-dev-ec2-public",
              "Project": "tta"
            },
            "tenancy": "default",
            "timeouts": null,
            "user_data": "95ea80d61aac7c752f902dd1f67ca1fb03b849bd",
            "user_data_base64": null,
            "user_data_replace_on_change": false,
            "volume_tags": null,
            "vpc_security_group_ids": [
              "sg-026e82970a69ea3ec"
            ]
          },
          "sensitive_attributes": [],
          "private": "eyJlMmJmYjczMC1lY2FhLTExZTYtOGY4OC0zNDM2M2JjN2M0YzAiOnsiY3JlYXRlIjo2MDAwMDAwMDAwMDAsImRlbGV0ZSI6MTIwMDAwMDAwMDAwMCwicmVhZCI6OTAwMDAwMDAwMDAwLCJ1cGRhdGUiOjYwMDAwMDAwMDAwMH0sInNjaGVtYV92ZXJzaW9uIjoiMSJ9",
          "dependencies": [
            "aws_key_pair.ec2_key",
            "aws_security_group.web_access",
            "aws_subnet.public_a",
            "aws_vpc.dev",
            "data.aws_ami.amazon_linux_2023",
            "tls_private_key.ec2_key"
          ]
        }
      ]
    },
    {
      "mode": "managed",
      "type": "aws_internet_gateway",
      "name": "igw",
      "provider": "provider[\"registry.terraform.io/hashicorp/aws\"]",
      "instances": [
        {
          "schema_version": 0,
          "attributes": {
            "arn": "arn:aws:ec2:us-east-2:732328309145:internet-gateway/igw-0363c5d2b88a4af4a",
            "id": "igw-0363c5d2b88a4af4a",
            "owner_id": "732328309145",
            "tags": {
              "Environment": "dev",
              "ManagedBy": "Terraform",
              "Name": "tta-dev-igw",
              "Project": "tta"
            },
            "tags_all": {
              "Environment": "dev",
              "ManagedBy": "Terraform",
              "Name": "tta-dev-igw",
              "Project": "tta"
            },
            "timeouts": null,
            "vpc_id": "vpc-03ad01ecfafb1de72"
          },
          "sensitive_attributes": [],
          "private": "eyJlMmJmYjczMC1lY2FhLTExZTYtOGY4OC0zNDM2M2JjN2M0YzAiOnsiY3JlYXRlIjoxMjAwMDAwMDAwMDAwLCJkZWxldGUiOjEyMDAwMDAwMDAwMDAsInVwZGF0ZSI6MTIwMDAwMDAwMDAwMH19",
          "dependencies": [
            "aws_vpc.dev"
          ]
        }
      ]
    },
    {
      "mode": "managed",
      "type": "aws_key_pair",
      "name": "ec2_key",
      "provider": "provider[\"registry.terraform.io/hashicorp/aws\"]",
      "instances": [
        {
          "schema_version": 1,
          "attributes": {
            "arn": "arn:aws:ec2:us-east-2:732328309145:key-pair/tta-dev-key",
            "fingerprint": "ae:7d:15:c1:8e:6c:89:3b:94:2c:fc:11:97:f7:fc:e5",
            "id": "tta-dev-key",
            "key_name": "tta-dev-key",
            "key_name_prefix": "",
            "key_pair_id": "key-0485cda9bbf0d56c4",
            "key_type": "rsa",
            "public_key": "ssh-rsa AAAAB3NzaC1yc2EAAAADAQABAAACAQCkAr5AeiSFHY2nbltwhv+CIwle3CZ5C1uAoLBEpQdL4TZv2YB/MmC33JAa1bm1hiyifglmGAVOT5dUgVXiaYug0ng6GzrlknrF5I4Amq8v3UVFSY3S0owRrZ2DXqqnd4Opz/Z2cI65ZzWT+vbc0t/1+3TgLbIhZnYXMF2E5uR3hVEeUAb0JrE1qsEJAk0PXEbOeyxOAtK0tiR8m0fwjR/MdEeY+0JSRrjgY9Mis2ExBA5nORxiKpGL1sKnrU3cVYIeJRkEkoYq0Fzap7xkaec04nwV1qxkjdZei0rxU4b4mKUv7vVBANvCZxL9DaIEI0z6c7oZYpdvyO0bd8odYIuNk9C1U1pODfxadvYzWm5Glpt0tB0Iaa9sY0Kss01C7SO/uvIVD039IQe1ClX6EwaWr7j9cuMiTnyAxzujKJ10r0eVgYmJxALvHHexRU0mKnkLjNiMPfSJqs5l03F8//w7OoC4tEPcZUTaGSRicnfNN+zPGX+44RTCXsqEO0+z4HsUICVqObzlm8Xo/w7Gk5EbbhuKBEe6y2r2Syg6Df85qb8z6lbhKSRab7dTUMGSymozJiYLQ6x+CEucGdjk4o2X40Fs5zM2YW6IMBfNEKF/yjSjZt5tVIGkQoGhJHrrhW4d++t0a5Psq12DeVDiQ5WvrcOLLJ8yZ3gUxt2BGn3/tw==",
            "tags": {
              "Environment": "dev",
              "ManagedBy": "Terraform",
              "Name": "tta-dev-key",
              "Project": "tta"
            },
            "tags_all": {
              "Environment": "dev",
              "ManagedBy": "Terraform",
              "Name": "tta-dev-key",
              "Project": "tta"
            }
          },
          "sensitive_attributes": [],
          "private": "eyJzY2hlbWFfdmVyc2lvbiI6IjEifQ==",
          "dependencies": [
            "tls_private_key.ec2_key"
          ]
        }
      ]
    },
    {
      "mode": "managed",
      "type": "aws_lb",
      "name": "app_lb",
      "provider": "provider[\"registry.terraform.io/hashicorp/aws\"]",
      "instances": [
        {
          "schema_version": 0,
          "attributes": {
            "access_logs": [
              {
                "bucket": "",
                "enabled": false,
                "prefix": ""
              }
            ],
            "arn": "arn:aws:elasticloadbalancing:us-east-2:732328309145:loadbalancer/app/tta-dev-lb/162e331ad0a06cc9",
            "arn_suffix": "app/tta-dev-lb/162e331ad0a06cc9",
            "client_keep_alive": 3600,
            "connection_logs": [
              {
                "bucket": "",
                "enabled": false,
                "prefix": ""
              }
            ],
            "customer_owned_ipv4_pool": "",
            "desync_mitigation_mode": "defensive",
            "dns_name": "tta-dev-lb-234541347.us-east-2.elb.amazonaws.com",
            "dns_record_client_routing_policy": null,
            "drop_invalid_header_fields": false,
            "enable_cross_zone_load_balancing": true,
            "enable_deletion_protection": false,
            "enable_http2": true,
            "enable_tls_version_and_cipher_suite_headers": false,
            "enable_waf_fail_open": false,
            "enable_xff_client_port": false,
            "enable_zonal_shift": false,
            "enforce_security_group_inbound_rules_on_private_link_traffic": "",
            "id": "arn:aws:elasticloadbalancing:us-east-2:732328309145:loadbalancer/app/tta-dev-lb/162e331ad0a06cc9",
            "idle_timeout": 60,
            "internal": false,
            "ip_address_type": "ipv4",
            "ipam_pools": [],
            "load_balancer_type": "application",
            "name": "tta-dev-lb",
            "name_prefix": "",
            "preserve_host_header": false,
            "security_groups": [
              "sg-02e9f913fa93b38bd"
            ],
            "subnet_mapping": [
              {
                "allocation_id": "",
                "ipv6_address": "",
                "outpost_id": "",
                "private_ipv4_address": "",
                "subnet_id": "subnet-05d4c6e779ea31a8e"
              },
              {
                "allocation_id": "",
                "ipv6_address": "",
                "outpost_id": "",
                "private_ipv4_address": "",
                "subnet_id": "subnet-0980c3c24a55816fb"
              }
            ],
            "subnets": [
              "subnet-05d4c6e779ea31a8e",
              "subnet-0980c3c24a55816fb"
            ],
            "tags": {
              "Environment": "dev",
              "ManagedBy": "Terraform",
              "Name": "tta-dev-lb",
              "Project": "tta"
            },
            "tags_all": {
              "Environment": "dev",
              "ManagedBy": "Terraform",
              "Name": "tta-dev-lb",
              "Project": "tta"
            },
            "timeouts": null,
            "vpc_id": "vpc-03ad01ecfafb1de72",
            "xff_header_processing_mode": "append",
            "zone_id": "Z3AADJGX6KTTL2"
          },
          "sensitive_attributes": [],
          "private": "eyJlMmJmYjczMC1lY2FhLTExZTYtOGY4OC0zNDM2M2JjN2M0YzAiOnsiY3JlYXRlIjo2MDAwMDAwMDAwMDAsImRlbGV0ZSI6NjAwMDAwMDAwMDAwLCJ1cGRhdGUiOjYwMDAwMDAwMDAwMH19",
          "dependencies": [
            "aws_security_group.lb_sg",
            "aws_subnet.public_a",
            "aws_subnet.public_b",
            "aws_vpc.dev"
          ]
        }
      ]
    },
    {
      "mode": "managed",
      "type": "aws_lb_listener",
      "name": "http",
      "provider": "provider[\"registry.terraform.io/hashicorp/aws\"]",
      "instances": [
        {
          "schema_version": 0,
          "attributes": {
            "alpn_policy": null,
            "arn": "arn:aws:elasticloadbalancing:us-east-2:732328309145:listener/app/tta-dev-lb/162e331ad0a06cc9/19c5f5f68bbb2fb2",
            "certificate_arn": null,
            "default_action": [
              {
                "authenticate_cognito": [],
                "authenticate_oidc": [],
                "fixed_response": [],
                "forward": [],
                "order": 1,
                "redirect": [],
                "target_group_arn": "arn:aws:elasticloadbalancing:us-east-2:732328309145:targetgroup/tta-dev-tg/4678582dfa7a1763",
                "type": "forward"
              }
            ],
            "id": "arn:aws:elasticloadbalancing:us-east-2:732328309145:listener/app/tta-dev-lb/162e331ad0a06cc9/19c5f5f68bbb2fb2",
            "load_balancer_arn": "arn:aws:elasticloadbalancing:us-east-2:732328309145:loadbalancer/app/tta-dev-lb/162e331ad0a06cc9",
            "mutual_authentication": [],
            "port": 80,
            "protocol": "HTTP",
            "routing_http_request_x_amzn_mtls_clientcert_header_name": null,
            "routing_http_request_x_amzn_mtls_clientcert_issuer_header_name": null,
            "routing_http_request_x_amzn_mtls_clientcert_leaf_header_name": null,
            "routing_http_request_x_amzn_mtls_clientcert_serial_number_header_name": null,
            "routing_http_request_x_amzn_mtls_clientcert_subject_header_name": null,
            "routing_http_request_x_amzn_mtls_clientcert_validity_header_name": null,
            "routing_http_request_x_amzn_tls_cipher_suite_header_name": null,
            "routing_http_request_x_amzn_tls_version_header_name": null,
            "routing_http_response_access_control_allow_credentials_header_value": "",
            "routing_http_response_access_control_allow_headers_header_value": "",
            "routing_http_response_access_control_allow_methods_header_value": "",
            "routing_http_response_access_control_allow_origin_header_value": "",
            "routing_http_response_access_control_expose_headers_header_value": "",
            "routing_http_response_access_control_max_age_header_value": "",
            "routing_http_response_content_security_policy_header_value": "",
            "routing_http_response_server_enabled": false,
            "routing_http_response_strict_transport_security_header_value": "",
            "routing_http_response_x_content_type_options_header_value": "",
            "routing_http_response_x_frame_options_header_value": "",
            "ssl_policy": "",
            "tags": {},
            "tags_all": {},
            "tcp_idle_timeout_seconds": null,
            "timeouts": null
          },
          "sensitive_attributes": [],
          "private": "eyJlMmJmYjczMC1lY2FhLTExZTYtOGY4OC0zNDM2M2JjN2M0YzAiOnsiY3JlYXRlIjozMDAwMDAwMDAwMDAsInVwZGF0ZSI6MzAwMDAwMDAwMDAwfX0=",
          "dependencies": [
            "aws_lb.app_lb",
            "aws_lb_target_group.app_tg",
            "aws_security_group.lb_sg",
            "aws_subnet.public_a",
            "aws_subnet.public_b",
            "aws_vpc.dev"
          ]
        }
      ]
    },
    {
      "mode": "managed",
      "type": "aws_lb_target_group",
      "name": "app_tg",
      "provider": "provider[\"registry.terraform.io/hashicorp/aws\"]",
      "instances": [
        {
          "schema_version": 0,
          "attributes": {
            "arn": "arn:aws:elasticloadbalancing:us-east-2:732328309145:targetgroup/tta-dev-tg/4678582dfa7a1763",
            "arn_suffix": "targetgroup/tta-dev-tg/4678582dfa7a1763",
            "connection_termination": null,
            "deregistration_delay": "300",
            "health_check": [
              {
                "enabled": true,
                "healthy_threshold": 3,
                "interval": 30,
                "matcher": "200",
                "path": "/",
                "port": "traffic-port",
                "protocol": "HTTP",
                "timeout": 5,
                "unhealthy_threshold": 2
              }
            ],
            "id": "arn:aws:elasticloadbalancing:us-east-2:732328309145:targetgroup/tta-dev-tg/4678582dfa7a1763",
            "ip_address_type": "ipv4",
            "lambda_multi_value_headers_enabled": false,
            "load_balancer_arns": [
              "arn:aws:elasticloadbalancing:us-east-2:732328309145:loadbalancer/app/tta-dev-lb/162e331ad0a06cc9"
            ],
            "load_balancing_algorithm_type": "round_robin",
            "load_balancing_anomaly_mitigation": "off",
            "load_balancing_cross_zone_enabled": "use_load_balancer_configuration",
            "name": "tta-dev-tg",
            "name_prefix": "",
            "port": 80,
            "preserve_client_ip": null,
            "protocol": "HTTP",
            "protocol_version": "HTTP1",
            "proxy_protocol_v2": false,
            "slow_start": 0,
            "stickiness": [
              {
                "cookie_duration": 86400,
                "cookie_name": "",
                "enabled": false,
                "type": "lb_cookie"
              }
            ],
            "tags": {
              "Environment": "dev",
              "ManagedBy": "Terraform",
              "Name": "tta-dev-tg",
              "Project": "tta"
            },
            "tags_all": {
              "Environment": "dev",
              "ManagedBy": "Terraform",
              "Name": "tta-dev-tg",
              "Project": "tta"
            },
            "target_failover": [
              {
                "on_deregistration": null,
                "on_unhealthy": null
              }
            ],
            "target_group_health": [
              {
                "dns_failover": [
                  {
                    "minimum_healthy_targets_count": "1",
                    "minimum_healthy_targets_percentage": "off"
                  }
                ],
                "unhealthy_state_routing": [
                  {
                    "minimum_healthy_targets_count": 1,
                    "minimum_healthy_targets_percentage": "off"
                  }
                ]
              }
            ],
            "target_health_state": [
              {
                "enable_unhealthy_connection_termination": null,
                "unhealthy_draining_interval": null
              }
            ],
            "target_type": "instance",
            "vpc_id": "vpc-03ad01ecfafb1de72"
          },
          "sensitive_attributes": [],
          "private": "bnVsbA==",
          "dependencies": [
            "aws_vpc.dev"
          ]
        }
      ]
    },
    {
      "mode": "managed",
      "type": "aws_lb_target_group_attachment",
      "name": "app_tg_attachment",
      "provider": "provider[\"registry.terraform.io/hashicorp/aws\"]",
      "instances": [
        {
          "schema_version": 0,
          "attributes": {
            "availability_zone": null,
            "id": "arn:aws:elasticloadbalancing:us-east-2:732328309145:targetgroup/tta-dev-tg/4678582dfa7a1763-20250501192515915500000007",
            "port": 80,
            "target_group_arn": "arn:aws:elasticloadbalancing:us-east-2:732328309145:targetgroup/tta-dev-tg/4678582dfa7a1763",
            "target_id": "i-07530128a32f06a66"
          },
          "sensitive_attributes": [],
          "private": "bnVsbA==",
          "dependencies": [
            "aws_instance.ec2_public",
            "aws_key_pair.ec2_key",
            "aws_lb_target_group.app_tg",
            "aws_security_group.web_access",
            "aws_subnet.public_a",
            "aws_vpc.dev",
            "data.aws_ami.amazon_linux_2023",
            "tls_private_key.ec2_key"
          ]
        }
      ]
    },
    {
      "mode": "managed",
      "type": "aws_nat_gateway",
      "name": "nat",
      "provider": "provider[\"registry.terraform.io/hashicorp/aws\"]",
      "instances": [
        {
          "schema_version": 0,
          "attributes": {
            "allocation_id": "eipalloc-066ccd697026eba39",
            "association_id": "eipassoc-0acbc6e61849ed1f2",
            "connectivity_type": "public",
            "id": "nat-0609618176d71f58b",
            "network_interface_id": "eni-05f48eb679f507a71",
            "private_ip": "10.0.1.8",
            "public_ip": "3.140.209.151",
            "secondary_allocation_ids": [],
            "secondary_private_ip_address_count": 0,
            "secondary_private_ip_addresses": [],
            "subnet_id": "subnet-0980c3c24a55816fb",
            "tags": {
              "Environment": "dev",
              "ManagedBy": "Terraform",
              "Name": "tta-dev-nat-gateway",
              "Project": "tta"
            },
            "tags_all": {
              "Environment": "dev",
              "ManagedBy": "Terraform",
              "Name": "tta-dev-nat-gateway",
              "Project": "tta"
            },
            "timeouts": null
          },
          "sensitive_attributes": [],
          "private": "eyJlMmJmYjczMC1lY2FhLTExZTYtOGY4OC0zNDM2M2JjN2M0YzAiOnsiY3JlYXRlIjo2MDAwMDAwMDAwMDAsImRlbGV0ZSI6MTgwMDAwMDAwMDAwMCwidXBkYXRlIjo2MDAwMDAwMDAwMDB9fQ==",
          "dependencies": [
            "aws_eip.nat",
            "aws_subnet.public_a",
            "aws_vpc.dev"
          ]
        }
      ]
    },
    {
      "mode": "managed",
      "type": "aws_route_table",
      "name": "priv_a",
      "provider": "provider[\"registry.terraform.io/hashicorp/aws\"]",
      "instances": [
        {
          "schema_version": 0,
          "attributes": {
            "arn": "arn:aws:ec2:us-east-2:732328309145:route-table/rtb-08281279904e7483b",
            "id": "rtb-08281279904e7483b",
            "owner_id": "732328309145",
            "propagating_vgws": [],
            "route": [
              {
                "carrier_gateway_id": "",
                "cidr_block": "0.0.0.0/0",
                "core_network_arn": "",
                "destination_prefix_list_id": "",
                "egress_only_gateway_id": "",
                "gateway_id": "igw-0363c5d2b88a4af4a",
                "ipv6_cidr_block": "",
                "local_gateway_id": "",
                "nat_gateway_id": "",
                "network_interface_id": "",
                "transit_gateway_id": "",
                "vpc_endpoint_id": "",
                "vpc_peering_connection_id": ""
              }
            ],
            "tags": {
              "Environment": "dev",
              "ManagedBy": "Terraform",
              "Name": "tta-priv-a-route-table",
              "Project": "tta"
            },
            "tags_all": {
              "Environment": "dev",
              "ManagedBy": "Terraform",
              "Name": "tta-priv-a-route-table",
              "Project": "tta"
            },
            "timeouts": null,
            "vpc_id": "vpc-03ad01ecfafb1de72"
          },
          "sensitive_attributes": [],
          "private": "eyJlMmJmYjczMC1lY2FhLTExZTYtOGY4OC0zNDM2M2JjN2M0YzAiOnsiY3JlYXRlIjozMDAwMDAwMDAwMDAsImRlbGV0ZSI6MzAwMDAwMDAwMDAwLCJ1cGRhdGUiOjEyMDAwMDAwMDAwMH19",
          "dependencies": [
            "aws_internet_gateway.igw",
            "aws_vpc.dev"
          ]
        }
      ]
    },
    {
      "mode": "managed",
      "type": "aws_route_table",
      "name": "public_a",
      "provider": "provider[\"registry.terraform.io/hashicorp/aws\"]",
      "instances": [
        {
          "schema_version": 0,
          "attributes": {
            "arn": "arn:aws:ec2:us-east-2:732328309145:route-table/rtb-00141bc8f999f0fcc",
            "id": "rtb-00141bc8f999f0fcc",
            "owner_id": "732328309145",
            "propagating_vgws": [],
            "route": [
              {
                "carrier_gateway_id": "",
                "cidr_block": "0.0.0.0/0",
                "core_network_arn": "",
                "destination_prefix_list_id": "",
                "egress_only_gateway_id": "",
                "gateway_id": "igw-0363c5d2b88a4af4a",
                "ipv6_cidr_block": "",
                "local_gateway_id": "",
                "nat_gateway_id": "",
                "network_interface_id": "",
                "transit_gateway_id": "",
                "vpc_endpoint_id": "",
                "vpc_peering_connection_id": ""
              }
            ],
            "tags": {
              "Environment": "dev",
              "ManagedBy": "Terraform",
              "Name": "tta-public-a-route-table",
              "Project": "tta"
            },
            "tags_all": {
              "Environment": "dev",
              "ManagedBy": "Terraform",
              "Name": "tta-public-a-route-table",
              "Project": "tta"
            },
            "timeouts": null,
            "vpc_id": "vpc-03ad01ecfafb1de72"
          },
          "sensitive_attributes": [],
          "private": "eyJlMmJmYjczMC1lY2FhLTExZTYtOGY4OC0zNDM2M2JjN2M0YzAiOnsiY3JlYXRlIjozMDAwMDAwMDAwMDAsImRlbGV0ZSI6MzAwMDAwMDAwMDAwLCJ1cGRhdGUiOjEyMDAwMDAwMDAwMH19",
          "dependencies": [
            "aws_internet_gateway.igw",
            "aws_vpc.dev"
          ]
        }
      ]
    },
    {
      "mode": "managed",
      "type": "aws_route_table",
      "name": "public_b",
      "provider": "provider[\"registry.terraform.io/hashicorp/aws\"]",
      "instances": [
        {
          "schema_version": 0,
          "attributes": {
            "arn": "arn:aws:ec2:us-east-2:732328309145:route-table/rtb-08b3f8758da588568",
            "id": "rtb-08b3f8758da588568",
            "owner_id": "732328309145",
            "propagating_vgws": [],
            "route": [
              {
                "carrier_gateway_id": "",
                "cidr_block": "0.0.0.0/0",
                "core_network_arn": "",
                "destination_prefix_list_id": "",
                "egress_only_gateway_id": "",
                "gateway_id": "igw-0363c5d2b88a4af4a",
                "ipv6_cidr_block": "",
                "local_gateway_id": "",
                "nat_gateway_id": "",
                "network_interface_id": "",
                "transit_gateway_id": "",
                "vpc_endpoint_id": "",
                "vpc_peering_connection_id": ""
              }
            ],
            "tags": {
              "Environment": "dev",
              "ManagedBy": "Terraform",
              "Name": "tta-public-b-route-table",
              "Project": "tta"
            },
            "tags_all": {
              "Environment": "dev",
              "ManagedBy": "Terraform",
              "Name": "tta-public-b-route-table",
              "Project": "tta"
            },
            "timeouts": null,
            "vpc_id": "vpc-03ad01ecfafb1de72"
          },
          "sensitive_attributes": [],
          "private": "eyJlMmJmYjczMC1lY2FhLTExZTYtOGY4OC0zNDM2M2JjN2M0YzAiOnsiY3JlYXRlIjozMDAwMDAwMDAwMDAsImRlbGV0ZSI6MzAwMDAwMDAwMDAwLCJ1cGRhdGUiOjEyMDAwMDAwMDAwMH19",
          "dependencies": [
            "aws_internet_gateway.igw",
            "aws_vpc.dev"
          ]
        }
      ]
    },
    {
      "mode": "managed",
      "type": "aws_route_table_association",
      "name": "priv_a",
      "provider": "provider[\"registry.terraform.io/hashicorp/aws\"]",
      "instances": [
        {
          "schema_version": 0,
          "attributes": {
            "gateway_id": "",
            "id": "rtbassoc-0bb390ed3aee97da1",
            "route_table_id": "rtb-08281279904e7483b",
            "subnet_id": "subnet-05e4201b24eb42a98",
            "timeouts": null
          },
          "sensitive_attributes": [],
          "private": "eyJlMmJmYjczMC1lY2FhLTExZTYtOGY4OC0zNDM2M2JjN2M0YzAiOnsiY3JlYXRlIjozMDAwMDAwMDAwMDAsImRlbGV0ZSI6MzAwMDAwMDAwMDAwLCJ1cGRhdGUiOjEyMDAwMDAwMDAwMH19",
          "dependencies": [
            "aws_internet_gateway.igw",
            "aws_route_table.priv_a",
            "aws_subnet.priv_a",
            "aws_vpc.dev"
          ]
        }
      ]
    },
    {
      "mode": "managed",
      "type": "aws_route_table_association",
      "name": "public_a",
      "provider": "provider[\"registry.terraform.io/hashicorp/aws\"]",
      "instances": [
        {
          "schema_version": 0,
          "attributes": {
            "gateway_id": "",
            "id": "rtbassoc-01c634ac3118c8f06",
            "route_table_id": "rtb-00141bc8f999f0fcc",
            "subnet_id": "subnet-0980c3c24a55816fb",
            "timeouts": null
          },
          "sensitive_attributes": [],
          "private": "eyJlMmJmYjczMC1lY2FhLTExZTYtOGY4OC0zNDM2M2JjN2M0YzAiOnsiY3JlYXRlIjozMDAwMDAwMDAwMDAsImRlbGV0ZSI6MzAwMDAwMDAwMDAwLCJ1cGRhdGUiOjEyMDAwMDAwMDAwMH19",
          "dependencies": [
            "aws_internet_gateway.igw",
            "aws_route_table.public_a",
            "aws_subnet.public_a",
            "aws_vpc.dev"
          ]
        }
      ]
    },
    {
      "mode": "managed",
      "type": "aws_route_table_association",
      "name": "public_b",
      "provider": "provider[\"registry.terraform.io/hashicorp/aws\"]",
      "instances": [
        {
          "schema_version": 0,
          "attributes": {
            "gateway_id": "",
            "id": "rtbassoc-00af59d4142d1c128",
            "route_table_id": "rtb-08b3f8758da588568",
            "subnet_id": "subnet-05d4c6e779ea31a8e",
            "timeouts": null
          },
          "sensitive_attributes": [],
          "private": "eyJlMmJmYjczMC1lY2FhLTExZTYtOGY4OC0zNDM2M2JjN2M0YzAiOnsiY3JlYXRlIjozMDAwMDAwMDAwMDAsImRlbGV0ZSI6MzAwMDAwMDAwMDAwLCJ1cGRhdGUiOjEyMDAwMDAwMDAwMH19",
          "dependencies": [
            "aws_internet_gateway.igw",
            "aws_route_table.public_b",
            "aws_subnet.public_b",
            "aws_vpc.dev"
          ]
        }
      ]
    },
    {
      "mode": "managed",
      "type": "aws_security_group",
      "name": "lb_sg",
      "provider": "provider[\"registry.terraform.io/hashicorp/aws\"]",
      "instances": [
        {
          "schema_version": 1,
          "attributes": {
            "arn": "arn:aws:ec2:us-east-2:732328309145:security-group/sg-02e9f913fa93b38bd",
            "description": "Security group for ALB in dev environment",
            "egress": [
              {
                "cidr_blocks": [
                  "10.0.0.0/16"
                ],
                "description": "Allow all outbound traffic to VPC CIDR",
                "from_port": 0,
                "ipv6_cidr_blocks": [],
                "prefix_list_ids": [],
                "protocol": "-1",
                "security_groups": [],
                "self": false,
                "to_port": 0
              }
            ],
            "id": "sg-02e9f913fa93b38bd",
            "ingress": [
              {
                "cidr_blocks": [
                  "10.0.1.0/27",
                  "10.0.2.0/27"
                ],
                "description": "Allow HTTP from within VPC",
                "from_port": 80,
                "ipv6_cidr_blocks": [],
                "prefix_list_ids": [],
                "protocol": "tcp",
                "security_groups": [],
                "self": false,
                "to_port": 80
              },
              {
                "cidr_blocks": [
                  "10.0.1.0/27",
                  "10.0.2.0/27"
                ],
                "description": "Allow HTTPS from within VPC",
                "from_port": 443,
                "ipv6_cidr_blocks": [],
                "prefix_list_ids": [],
                "protocol": "tcp",
                "security_groups": [],
                "self": false,
                "to_port": 443
              },
              {
                "cidr_blocks": [
                  "172.58.245.171/32"
                ],
                "description": "Allow SSH from external restricted IP",
                "from_port": 22,
                "ipv6_cidr_blocks": [],
                "prefix_list_ids": [],
                "protocol": "tcp",
                "security_groups": [],
                "self": false,
                "to_port": 22
              }
            ],
            "name": "tta-dev-lb-sg",
            "name_prefix": "",
            "owner_id": "732328309145",
            "revoke_rules_on_delete": false,
            "tags": {
              "Environment": "dev",
              "ManagedBy": "Terraform",
              "Name": "tta-dev-lb-sg",
              "Project": "tta"
            },
            "tags_all": {
              "Environment": "dev",
              "ManagedBy": "Terraform",
              "Name": "tta-dev-lb-sg",
              "Project": "tta"
            },
            "timeouts": null,
            "vpc_id": "vpc-03ad01ecfafb1de72"
          },
          "sensitive_attributes": [],
          "private": "eyJlMmJmYjczMC1lY2FhLTExZTYtOGY4OC0zNDM2M2JjN2M0YzAiOnsiY3JlYXRlIjo2MDAwMDAwMDAwMDAsImRlbGV0ZSI6OTAwMDAwMDAwMDAwfSwic2NoZW1hX3ZlcnNpb24iOiIxIn0=",
          "dependencies": [
            "aws_vpc.dev"
          ]
        }
      ]
    },
    {
      "mode": "managed",
      "type": "aws_security_group",
      "name": "ssh_access",
      "provider": "provider[\"registry.terraform.io/hashicorp/aws\"]",
      "instances": [
        {
          "schema_version": 1,
          "attributes": {
            "arn": "arn:aws:ec2:us-east-2:732328309145:security-group/sg-0a8d7df6e79746b95",
            "description": "Allow SSH from VPC CIDR",
            "egress": [
              {
                "cidr_blocks": [
                  "10.0.0.0/16"
                ],
                "description": "",
                "from_port": 0,
                "ipv6_cidr_blocks": [],
                "prefix_list_ids": [],
                "protocol": "-1",
                "security_groups": [],
                "self": false,
                "to_port": 0
              }
            ],
            "id": "sg-0a8d7df6e79746b95",
            "ingress": [
              {
                "cidr_blocks": [
                  "10.0.0.0/16"
                ],
                "description": "SSH from VPC CIDR",
                "from_port": 22,
                "ipv6_cidr_blocks": [],
                "prefix_list_ids": [],
                "protocol": "tcp",
                "security_groups": [],
                "self": false,
                "to_port": 22
              }
            ],
            "name": "allow_ssh",
            "name_prefix": "",
            "owner_id": "732328309145",
            "revoke_rules_on_delete": false,
            "tags": {
              "Environment": "dev",
              "ManagedBy": "Terraform",
              "Name": "ssh-access",
              "Project": "tta"
            },
            "tags_all": {
              "Environment": "dev",
              "ManagedBy": "Terraform",
              "Name": "ssh-access",
              "Project": "tta"
            },
            "timeouts": null,
            "vpc_id": "vpc-03ad01ecfafb1de72"
          },
          "sensitive_attributes": [],
          "private": "eyJlMmJmYjczMC1lY2FhLTExZTYtOGY4OC0zNDM2M2JjN2M0YzAiOnsiY3JlYXRlIjo2MDAwMDAwMDAwMDAsImRlbGV0ZSI6OTAwMDAwMDAwMDAwfSwic2NoZW1hX3ZlcnNpb24iOiIxIn0=",
          "dependencies": [
            "aws_vpc.dev"
          ]
        }
      ]
    },
    {
      "mode": "managed",
      "type": "aws_security_group",
      "name": "web_access",
      "provider": "provider[\"registry.terraform.io/hashicorp/aws\"]",
      "instances": [
        {
          "schema_version": 1,
          "attributes": {
            "arn": "arn:aws:ec2:us-east-2:732328309145:security-group/sg-026e82970a69ea3ec",
            "description": "Allow HTTP and HTTPS from subnet",
            "egress": [
              {
                "cidr_blocks": [
                  "10.0.1.0/27"
                ],
                "description": "",
                "from_port": 0,
                "ipv6_cidr_blocks": [],
                "prefix_list_ids": [],
                "protocol": "-1",
                "security_groups": [],
                "self": false,
                "to_port": 0
              }
            ],
            "id": "sg-026e82970a69ea3ec",
            "ingress": [
              {
                "cidr_blocks": [
                  "10.0.1.0/27"
                ],
                "description": "HTTP from subnet",
                "from_port": 80,
                "ipv6_cidr_blocks": [],
                "prefix_list_ids": [],
                "protocol": "tcp",
                "security_groups": [],
                "self": false,
                "to_port": 80
              },
              {
                "cidr_blocks": [
                  "10.0.1.0/27"
                ],
                "description": "HTTPS from subnet",
                "from_port": 443,
                "ipv6_cidr_blocks": [],
                "prefix_list_ids": [],
                "protocol": "tcp",
                "security_groups": [],
                "self": false,
                "to_port": 443
              },
              {
                "cidr_blocks": [
                  "172.58.245.171/32"
                ],
                "description": "SSH from external restricted IP",
                "from_port": 22,
                "ipv6_cidr_blocks": [],
                "prefix_list_ids": [],
                "protocol": "tcp",
                "security_groups": [],
                "self": false,
                "to_port": 22
              }
            ],
            "name": "allow_http_https",
            "name_prefix": "",
            "owner_id": "732328309145",
            "revoke_rules_on_delete": false,
            "tags": {
              "Name": "tta-web-sg"
            },
            "tags_all": {
              "Name": "tta-web-sg"
            },
            "timeouts": null,
            "vpc_id": "vpc-03ad01ecfafb1de72"
          },
          "sensitive_attributes": [],
          "private": "eyJlMmJmYjczMC1lY2FhLTExZTYtOGY4OC0zNDM2M2JjN2M0YzAiOnsiY3JlYXRlIjo2MDAwMDAwMDAwMDAsImRlbGV0ZSI6OTAwMDAwMDAwMDAwfSwic2NoZW1hX3ZlcnNpb24iOiIxIn0=",
          "dependencies": [
            "aws_vpc.dev"
          ]
        }
      ]
    },
    {
      "mode": "managed",
      "type": "aws_subnet",
      "name": "priv_a",
      "provider": "provider[\"registry.terraform.io/hashicorp/aws\"]",
      "instances": [
        {
          "schema_version": 1,
          "attributes": {
            "arn": "arn:aws:ec2:us-east-2:732328309145:subnet/subnet-05e4201b24eb42a98",
            "assign_ipv6_address_on_creation": false,
            "availability_zone": "us-east-2a",
            "availability_zone_id": "use2-az1",
            "cidr_block": "10.0.3.0/27",
            "customer_owned_ipv4_pool": "",
            "enable_dns64": false,
            "enable_lni_at_device_index": 0,
            "enable_resource_name_dns_a_record_on_launch": false,
            "enable_resource_name_dns_aaaa_record_on_launch": false,
            "id": "subnet-05e4201b24eb42a98",
            "ipv6_cidr_block": "",
            "ipv6_cidr_block_association_id": "",
            "ipv6_native": false,
            "map_customer_owned_ip_on_launch": false,
            "map_public_ip_on_launch": false,
            "outpost_arn": "",
            "owner_id": "732328309145",
            "private_dns_hostname_type_on_launch": "ip-name",
            "tags": {
              "Environment": "dev",
              "ManagedBy": "Terraform",
              "Name": "tta-private-a-subnet",
              "Project": "tta"
            },
            "tags_all": {
              "Environment": "dev",
              "ManagedBy": "Terraform",
              "Name": "tta-private-a-subnet",
              "Project": "tta"
            },
            "timeouts": null,
            "vpc_id": "vpc-03ad01ecfafb1de72"
          },
          "sensitive_attributes": [],
          "private": "eyJlMmJmYjczMC1lY2FhLTExZTYtOGY4OC0zNDM2M2JjN2M0YzAiOnsiY3JlYXRlIjo2MDAwMDAwMDAwMDAsImRlbGV0ZSI6MTIwMDAwMDAwMDAwMH0sInNjaGVtYV92ZXJzaW9uIjoiMSJ9",
          "dependencies": [
            "aws_vpc.dev"
          ]
        }
      ]
    },
    {
      "mode": "managed",
      "type": "aws_subnet",
      "name": "public_a",
      "provider": "provider[\"registry.terraform.io/hashicorp/aws\"]",
      "instances": [
        {
          "schema_version": 1,
          "attributes": {
            "arn": "arn:aws:ec2:us-east-2:732328309145:subnet/subnet-0980c3c24a55816fb",
            "assign_ipv6_address_on_creation": false,
            "availability_zone": "us-east-2a",
            "availability_zone_id": "use2-az1",
            "cidr_block": "10.0.1.0/27",
            "customer_owned_ipv4_pool": "",
            "enable_dns64": false,
            "enable_lni_at_device_index": 0,
            "enable_resource_name_dns_a_record_on_launch": false,
            "enable_resource_name_dns_aaaa_record_on_launch": false,
            "id": "subnet-0980c3c24a55816fb",
            "ipv6_cidr_block": "",
            "ipv6_cidr_block_association_id": "",
            "ipv6_native": false,
            "map_customer_owned_ip_on_launch": false,
            "map_public_ip_on_launch": true,
            "outpost_arn": "",
            "owner_id": "732328309145",
            "private_dns_hostname_type_on_launch": "ip-name",
            "tags": {
              "Environment": "dev",
              "ManagedBy": "Terraform",
              "Name": "tta-public-a-subnet",
              "Project": "tta"
            },
            "tags_all": {
              "Environment": "dev",
              "ManagedBy": "Terraform",
              "Name": "tta-public-a-subnet",
              "Project": "tta"
            },
            "timeouts": null,
            "vpc_id": "vpc-03ad01ecfafb1de72"
          },
          "sensitive_attributes": [],
          "private": "eyJlMmJmYjczMC1lY2FhLTExZTYtOGY4OC0zNDM2M2JjN2M0YzAiOnsiY3JlYXRlIjo2MDAwMDAwMDAwMDAsImRlbGV0ZSI6MTIwMDAwMDAwMDAwMH0sInNjaGVtYV92ZXJzaW9uIjoiMSJ9",
          "dependencies": [
            "aws_vpc.dev"
          ]
        }
      ]
    },
    {
      "mode": "managed",
      "type": "aws_subnet",
      "name": "public_b",
      "provider": "provider[\"registry.terraform.io/hashicorp/aws\"]",
      "instances": [
        {
          "schema_version": 1,
          "attributes": {
            "arn": "arn:aws:ec2:us-east-2:732328309145:subnet/subnet-05d4c6e779ea31a8e",
            "assign_ipv6_address_on_creation": false,
            "availability_zone": "us-east-2b",
            "availability_zone_id": "use2-az2",
            "cidr_block": "10.0.2.0/27",
            "customer_owned_ipv4_pool": "",
            "enable_dns64": false,
            "enable_lni_at_device_index": 0,
            "enable_resource_name_dns_a_record_on_launch": false,
            "enable_resource_name_dns_aaaa_record_on_launch": false,
            "id": "subnet-05d4c6e779ea31a8e",
            "ipv6_cidr_block": "",
            "ipv6_cidr_block_association_id": "",
            "ipv6_native": false,
            "map_customer_owned_ip_on_launch": false,
            "map_public_ip_on_launch": true,
            "outpost_arn": "",
            "owner_id": "732328309145",
            "private_dns_hostname_type_on_launch": "ip-name",
            "tags": {
              "Environment": "dev",
              "ManagedBy": "Terraform",
              "Name": "tta-public-b-subnet",
              "Project": "tta"
            },
            "tags_all": {
              "Environment": "dev",
              "ManagedBy": "Terraform",
              "Name": "tta-public-b-subnet",
              "Project": "tta"
            },
            "timeouts": null,
            "vpc_id": "vpc-03ad01ecfafb1de72"
          },
          "sensitive_attributes": [],
          "private": "eyJlMmJmYjczMC1lY2FhLTExZTYtOGY4OC0zNDM2M2JjN2M0YzAiOnsiY3JlYXRlIjo2MDAwMDAwMDAwMDAsImRlbGV0ZSI6MTIwMDAwMDAwMDAwMH0sInNjaGVtYV92ZXJzaW9uIjoiMSJ9",
          "dependencies": [
            "aws_vpc.dev"
          ]
        }
      ]
    },
    {
      "mode": "managed",
      "type": "aws_vpc",
      "name": "dev",
      "provider": "provider[\"registry.terraform.io/hashicorp/aws\"]",
      "instances": [
        {
          "schema_version": 1,
          "attributes": {
            "arn": "arn:aws:ec2:us-east-2:732328309145:vpc/vpc-03ad01ecfafb1de72",
            "assign_generated_ipv6_cidr_block": false,
            "cidr_block": "10.0.0.0/16",
            "default_network_acl_id": "acl-023d4e5e2e5ac1a00",
            "default_route_table_id": "rtb-0ef6ef7dfc67bc984",
            "default_security_group_id": "sg-0d6bafcb533ac1f60",
            "dhcp_options_id": "dopt-cb5b73a2",
            "enable_dns_hostnames": true,
            "enable_dns_support": true,
            "enable_network_address_usage_metrics": false,
            "id": "vpc-03ad01ecfafb1de72",
            "instance_tenancy": "default",
            "ipv4_ipam_pool_id": null,
            "ipv4_netmask_length": null,
            "ipv6_association_id": "",
            "ipv6_cidr_block": "",
            "ipv6_cidr_block_network_border_group": "",
            "ipv6_ipam_pool_id": "",
            "ipv6_netmask_length": 0,
            "main_route_table_id": "rtb-0ef6ef7dfc67bc984",
            "owner_id": "732328309145",
            "tags": {
              "Environment": "dev",
              "ManagedBy": "Terraform",
              "Name": "tta-dev-vpc",
              "Project": "tta"
            },
            "tags_all": {
              "Environment": "dev",
              "ManagedBy": "Terraform",
              "Name": "tta-dev-vpc",
              "Project": "tta"
            }
          },
          "sensitive_attributes": [],
          "private": "eyJzY2hlbWFfdmVyc2lvbiI6IjEifQ=="
        }
      ]
    },
    {
      "mode": "managed",
      "type": "local_file",
      "name": "ec2_private_key",
      "provider": "provider[\"registry.terraform.io/hashicorp/local\"]",
      "instances": [
        {
          "schema_version": 0,
          "attributes": {
            "content": "-----BEGIN RSA PRIVATE KEY-----\nMIIJKAIBAAKCAgEApAK+QHokhR2Np25bcIb/giMJXtwmeQtbgKCwRKUHS+E2b9mA\nfzJgt9yQGtW5tYYson4JZhgFTk+XVIFV4mmLoNJ4Ohs65ZJ6xeSOAJqvL91FRUmN\n0tKMEa2dg16qp3eDqc/2dnCOuWc1k/r23NLf9ft04C2yIWZ2FzBdhObkd4VRHlAG\n9CaxNarBCQJND1xGznssTgLStLYkfJtH8I0fzHRHmPtCUka44GPTIrNhMQQOZzkc\nYiqRi9bCp61N3FWCHiUZBJKGKtBc2qe8ZGnnNOJ8FdasZI3WXotK8VOG+JilL+71\nQQDbwmcS/Q2iBCNM+nO6GWKXb8jtG3fKHWCLjZPQtVNaTg38Wnb2M1puRpabdLQd\nCGmvbGNCrLNNQu0jv7ryFQ9N/SEHtQpV+hMGlq+4/XLjIk58gMc7oyiddK9HlYGJ\nicQC7xx3sUVNJip5C4zYjD30iarOZdNxfP/8OzqAuLRD3GVE2hkkYnJ3zTfszxl/\nuOEUwl7KhDtPs+B7FCAlajm85ZvF6P8OxpORG24bigRHustq9ksoOg3/Oam/M+pW\n4SkkWm+3U1DBkspqMyYmC0OsfghLnBnY5OKNl+NBbOczNmFuiDAXzRChf8o0o2be\nbVSBpEKBoSR664VuHfvrdGuT7Ktdg3lQ4kOVr63DiyyfMmd4FMbdgRp9/7cCAwEA\nAQKCAgAmpLTR+VV4fdWeAQ0Pbudt8LZpAOMZuxjUrkfJ7L5S3R4X7X3uul56g7/6\naqgmgpYqtRqe0QMTCALGePDU93xcKKsGOds/Myu1S9w/fTLQyshjAmklptE06xzF\nUr1P1wORM7xE/NFMEurXUpbuwcreKODJX0rsvrkNTqqCQWrMVH+f7kgtJ56yX+i6\nqC2i9GGEjhYKzXR6+r2PFIE3RvEamb0y6OSgASTXTf3126EHTQbdwGGVKaWAdtoH\naviA9S7CzofeAW4WUWDHbiUf3aoJ1mFZPesBiD/dp+FBCiavlTu6lwl3Ru4AmIur\nTxaA9hZRnonXKFk5D/T591gKYvCOSxmI0sWuHFFtHKHpqk+YgxXKYnE/uR64lVE6\nugwdA/nhUPKpCxaoMPS3wPmAXEO7+yDoemzsxCEH/FCvzSgbCAv4gOTkK8J4btRm\nzLK+IQ4O16raalMDaiytd7QAPWsWq/qKLQ2tKGMVoE1uDu0h/st9E8Oop3zt/HiV\n6TM/h46P4gRt+HSk8FWO5Fv2GfamXmG4QxgUVohLggCT2adUpy9p88MpliPHTp8k\nBaZU5sYyoDKMLQuFrXprXqayRaqhn8edwTS9UsHPwzT9fipSxal0hPvg2+w0uFD3\nR5ad+D1+c1laBULIx3QeGn1WB+u/yCz8XWCsgUqp2kTLTQDBLQKCAQEAzgsgBqw1\nIsfAKMu6MKbhUz5rdaKJ3k0eVuVs5eQIwWZ1/aShy/JATCtVFUbBA/nWF6ySFYat\nwLuG2uOyrBT2LYBe+dZQ8DK8pRgJsD6Vq4as+lBkPNtqytKdC6G3Gp+yxkW85Iy+\nrrQ6iv4r7fnqabPI4zoMHwDQsTX93sp+VmkDlKHyLHHc9kpKGKYMx05fAFEHK8M0\nYqYUfbS3zW0de1B+UFciCYs1nJbMOTd86M110w8HlA8pHZoGdmM4AARxvHBHjapE\no6eijLiDFE+ayygRdHdVbqAyU2qnTJmky22BrPPj3WKn49PWP11Z9ImANHC8MFsg\nES0U2OIGVF8kNQKCAQEAy8ax++Ab4upfbvMri9qptq4KRr/B46qgRywI3UEwSdka\nLZLqRwkWkfNh8YphaCzi1MtyGTDu2pl1gv3GMmDRdtgwUtc0eRWATn5KN7fV+Oel\nC3IDmDKU3ueF1FQ839O3Pwz7xLWg9zWlvbIwcZ88PZUHpnCS1bsGTbiPhDLmfs3H\nKHV8KlQrnppP+n8h7hGbnF4RRKel7GsXVIqUm/uSBcOIMqdeN0Zb5pufRoR/YuqL\niD0Dzw2EHceDKy4bOgoq/nw8zaK7Y1q+3DukOI2paaV48ny/a7YMReJrfUdzKOw7\ncRS8r6KKvvOlktKKXlp3eflQ6BsGU44ACdtj7ov5uwKCAQAM9mA2a0EQhhaNuntl\nMip8zTF/fhFEXf+poddfAyCV4jdMFL5lEUGAST2aEBB2ipIwfRfXqNhnhqSuQqLr\n9omiRTA0cYo4Akkh7cg2QUmzN87MFKCpv3gReHyOzcayMxfRJ3QBwOUCIq6ILgNf\nfliD+96IhQ9cJ/X5IBdvm7elAghKooGU0DkBeZz9vfyR0VlisLZNx4MVLbOeUO87\nSkEPj/nSXhjzFsHxrv78HoSKNNrTw19LrkR860K60fUk8yKgo0OtIugcj6BHUBhW\n/8cSPtwSQquqQQPJga0ywXu/nI0K73EHbXx4dcxFwj61hqz9H5aHSERVMEvedSHG\nzxF9AoIBACC7XtWFjxUo7oFk4AbL7dzhIddxb9SBENO92AKqOPZzwAe4BJe6dvyk\nqoPg5XqVUy45K6+uM3+7jKuo1dA7ywma+lAkL1KPyJdTI9rFVcJwewtWmgs1fMI9\nUDrl+Q0+9b1T+ZEEV8G9xUyuNafamxONP7hVdtCMBRww3CSxBGMz7JysGnC2KneE\nc/pZt3qFK4i3d3CeuUE7hnjW9b4Eb9UrLlJsne6lB5gIQVJTcB7Ua+tLWbRFiIY8\nCO7Dri3pejR8gkvJqu3vop6/mcZXwvGsWbwhm6HSkTAciYWLF41oPLgSS6iupDi9\n7EekOAOl5nEaQgu2Y5LCSXFL40ZrB4cCggEBAKIWZ7cCcAmwpDnvuAidBnUs5RXW\nM9y4hTzn8MdNA0avllLic3inEygvdwHb0vYf5M7Y4IlQiP+dzb/gNWSHsNYD8m7w\nVcc4K9eQA8y14QgPTQ5hx7bFV3azyuCgQab1l+H9PC3z3Zaqdo5tO/LWtpyvw/0q\nMIf0kYrBrNtvi0zcvsIBIJNgAxohQ00jQWWyFYfm+40dCKNZ1Rrswip+yViLIPVE\nqt+vhRcZ12mxP+QPUjuOtImX4GMY+HAVVBWGGp2t/BEKBEzMTKOBqGYVcEHXliKw\n0M1k+9jegocquInlZDJg3kvHu8X7W9qZTgrvxwotkmP8XSvas51VBGm1xiI=\n-----END RSA PRIVATE KEY-----\n",
            "content_base64": null,
            "content_base64sha256": "hByaZN67p9eiV/MfffgQBxCS8VEEUm8e15GD2yvhzXE=",
            "content_base64sha512": "gMqj8r04mM2aZBUwohBuyM5T5HYe4EkswgMVHXV0ZymTH8pY6H+47k7xdqJFbF9Ug7zj10X5IcETwyWnyq5XPw==",
            "content_md5": "f1b9b51f9796f5662fc9426191b63d26",
            "content_sha1": "576ae7368cc16801eb147ce9c4a85a62537ac3b5",
            "content_sha256": "841c9a64debba7d7a257f31f7df810071092f15104526f1ed79183db2be1cd71",
            "content_sha512": "80caa3f2bd3898cd9a641530a2106ec8ce53e4761ee0492cc203151d75746729931fca58e87fb8ee4ef176a2456c5f5483bce3d745f921c113c325a7caae573f",
            "directory_permission": "0777",
            "file_permission": "0600",
            "filename": "./tta-dev-key.pem",
            "id": "576ae7368cc16801eb147ce9c4a85a62537ac3b5",
            "sensitive_content": null,
            "source": null
          },
          "sensitive_attributes": [
            [
              {
                "type": "get_attr",
                "value": "sensitive_content"
              }
            ],
            [
              {
                "type": "get_attr",
                "value": "content"
              }
            ]
          ],
          "dependencies": [
            "tls_private_key.ec2_key"
          ]
        }
      ]
    },
    {
      "mode": "managed",
      "type": "tls_private_key",
      "name": "ec2_key",
      "provider": "provider[\"registry.terraform.io/hashicorp/tls\"]",
      "instances": [
        {
          "schema_version": 1,
          "attributes": {
            "algorithm": "RSA",
            "ecdsa_curve": "P224",
            "id": "e3be9cfdae618f963b2e94a1e716f37d390838c2",
            "private_key_openssh": "-----BEGIN OPENSSH PRIVATE KEY-----\nb3BlbnNzaC1rZXktdjEAAAAABG5vbmUAAAAEbm9uZQAAAAAAAAABAAACFwAAAAdz\nc2gtcnNhAAAAAwEAAQAAAgEApAK+QHokhR2Np25bcIb/giMJXtwmeQtbgKCwRKUH\nS+E2b9mAfzJgt9yQGtW5tYYson4JZhgFTk+XVIFV4mmLoNJ4Ohs65ZJ6xeSOAJqv\nL91FRUmN0tKMEa2dg16qp3eDqc/2dnCOuWc1k/r23NLf9ft04C2yIWZ2FzBdhObk\nd4VRHlAG9CaxNarBCQJND1xGznssTgLStLYkfJtH8I0fzHRHmPtCUka44GPTIrNh\nMQQOZzkcYiqRi9bCp61N3FWCHiUZBJKGKtBc2qe8ZGnnNOJ8FdasZI3WXotK8VOG\n+JilL+71QQDbwmcS/Q2iBCNM+nO6GWKXb8jtG3fKHWCLjZPQtVNaTg38Wnb2M1pu\nRpabdLQdCGmvbGNCrLNNQu0jv7ryFQ9N/SEHtQpV+hMGlq+4/XLjIk58gMc7oyid\ndK9HlYGJicQC7xx3sUVNJip5C4zYjD30iarOZdNxfP/8OzqAuLRD3GVE2hkkYnJ3\nzTfszxl/uOEUwl7KhDtPs+B7FCAlajm85ZvF6P8OxpORG24bigRHustq9ksoOg3/\nOam/M+pW4SkkWm+3U1DBkspqMyYmC0OsfghLnBnY5OKNl+NBbOczNmFuiDAXzRCh\nf8o0o2bebVSBpEKBoSR664VuHfvrdGuT7Ktdg3lQ4kOVr63DiyyfMmd4FMbdgRp9\n/7cAAAc4BawoAwWsKAMAAAAHc3NoLXJzYQAAAgEApAK+QHokhR2Np25bcIb/giMJ\nXtwmeQtbgKCwRKUHS+E2b9mAfzJgt9yQGtW5tYYson4JZhgFTk+XVIFV4mmLoNJ4\nOhs65ZJ6xeSOAJqvL91FRUmN0tKMEa2dg16qp3eDqc/2dnCOuWc1k/r23NLf9ft0\n4C2yIWZ2FzBdhObkd4VRHlAG9CaxNarBCQJND1xGznssTgLStLYkfJtH8I0fzHRH\nmPtCUka44GPTIrNhMQQOZzkcYiqRi9bCp61N3FWCHiUZBJKGKtBc2qe8ZGnnNOJ8\nFdasZI3WXotK8VOG+JilL+71QQDbwmcS/Q2iBCNM+nO6GWKXb8jtG3fKHWCLjZPQ\ntVNaTg38Wnb2M1puRpabdLQdCGmvbGNCrLNNQu0jv7ryFQ9N/SEHtQpV+hMGlq+4\n/XLjIk58gMc7oyiddK9HlYGJicQC7xx3sUVNJip5C4zYjD30iarOZdNxfP/8OzqA\nuLRD3GVE2hkkYnJ3zTfszxl/uOEUwl7KhDtPs+B7FCAlajm85ZvF6P8OxpORG24b\nigRHustq9ksoOg3/Oam/M+pW4SkkWm+3U1DBkspqMyYmC0OsfghLnBnY5OKNl+NB\nbOczNmFuiDAXzRChf8o0o2bebVSBpEKBoSR664VuHfvrdGuT7Ktdg3lQ4kOVr63D\niyyfMmd4FMbdgRp9/7cAAAADAQABAAACACaktNH5VXh91Z4BDQ9u523wtmkA4xm7\nGNSuR8nsvlLdHhftfe66XnqDv/pqqCaCliq1Gp7RAxMIAsZ48NT3fFwoqwY52z8z\nK7VL3D99MtDKyGMCaSWm0TTrHMVSvU/XA5EzvET80UwS6tdSlu7Byt4o4MlfSuy+\nuQ1OqoJBasxUf5/uSC0nnrJf6LqoLaL0YYSOFgrNdHr6vY8UgTdG8RqZvTLo5KAB\nJNdN/fXboQdNBt3AYZUppYB22gdq+ID1LsLOh94BbhZRYMduJR/dqgnWYVk96wGI\nP92n4UEKJq+VO7qXCXdG7gCYi6tPFoD2FlGeidcoWTkP9Pn3WApi8I5LGYjSxa4c\nUW0coemqT5iDFcpicT+5HriVUTq6DB0D+eFQ8qkLFqgw9LfA+YBcQ7v7IOh6bOzE\nIQf8UK/NKBsIC/iA5OQrwnhu1GbMsr4hDg7XqtpqUwNqLK13tAA9axar+ootDa0o\nYxWgTW4O7SH+y30Tw6infO38eJXpMz+Hjo/iBG34dKTwVY7kW/YZ9qZeYbhDGBRW\niEuCAJPZp1SnL2nzwymWI8dOnyQFplTmxjKgMowtC4WtemteprJFqqGfx53BNL1S\nwc/DNP1+KlLFqXSE++Db7DS4UPdHlp34PX5zWVoFQsjHdB4afVYH67/ILPxdYKyB\nSqnaRMtNAMEtAAABAQCiFme3AnAJsKQ577gInQZ1LOUV1jPcuIU85/DHTQNGr5ZS\n4nN4pxMoL3cB29L2H+TO2OCJUIj/nc2/4DVkh7DWA/Ju8FXHOCvXkAPMteEID00O\nYce2xVd2s8rgoEGm9Zfh/Twt892WqnaObTvy1racr8P9KjCH9JGKwazbb4tM3L7C\nASCTYAMaIUNNI0FlshWH5vuNHQijWdUa7MIqfslYiyD1RKrfr4UXGddpsT/kD1I7\njrSJl+BjGPhwFVQVhhqdrfwRCgRMzEyjgahmFXBB15YisNDNZPvY3oKHKriJ5WQy\nYN5Lx7vF+1vamU4K78cKLZJj/F0r2rOdVQRptcYiAAABAQDOCyAGrDUix8Aoy7ow\npuFTPmt1ooneTR5W5Wzl5AjBZnX9pKHL8kBMK1UVRsED+dYXrJIVhq3Au4ba47Ks\nFPYtgF751lDwMrylGAmwPpWrhqz6UGQ822rK0p0Lobcan7LGRbzkjL6utDqK/ivt\n+epps8jjOgwfANCxNf3eyn5WaQOUofIscdz2SkoYpgzHTl8AUQcrwzRiphR9tLfN\nbR17UH5QVyIJizWclsw5N3zozXXTDweUDykdmgZ2YzgABHG8cEeNqkSjp6KMuIMU\nT5rLKBF0d1VuoDJTaqdMmaTLbYGs8+PdYqfj09Y/XVn0iYA0cLwwWyARLRTY4gZU\nXyQ1AAABAQDLxrH74Bvi6l9u8yuL2qm2rgpGv8HjqqBHLAjdQTBJ2RotkupHCRaR\n82HximFoLOLUy3IZMO7amXWC/cYyYNF22DBS1zR5FYBOfko3t9X456ULcgOYMpTe\n54XUVDzf07c/DPvEtaD3NaW9sjBxnzw9lQemcJLVuwZNuI+EMuZ+zccodXwqVCue\nmk/6fyHuEZucXhFEp6XsaxdUipSb+5IFw4gyp143Rlvmm59GhH9i6ouIPQPPDYQd\nx4MrLhs6Cir+fDzNortjWr7cO6Q4jalppXjyfL9rtgxF4mt9R3Mo7DtxFLyvooq+\n86WS0opeWnd5+VDoGwZTjgAJ22Pui/m7AAAAAAEC\n-----END OPENSSH PRIVATE KEY-----\n",
            "private_key_pem": "-----BEGIN RSA PRIVATE KEY-----\nMIIJKAIBAAKCAgEApAK+QHokhR2Np25bcIb/giMJXtwmeQtbgKCwRKUHS+E2b9mA\nfzJgt9yQGtW5tYYson4JZhgFTk+XVIFV4mmLoNJ4Ohs65ZJ6xeSOAJqvL91FRUmN\n0tKMEa2dg16qp3eDqc/2dnCOuWc1k/r23NLf9ft04C2yIWZ2FzBdhObkd4VRHlAG\n9CaxNarBCQJND1xGznssTgLStLYkfJtH8I0fzHRHmPtCUka44GPTIrNhMQQOZzkc\nYiqRi9bCp61N3FWCHiUZBJKGKtBc2qe8ZGnnNOJ8FdasZI3WXotK8VOG+JilL+71\nQQDbwmcS/Q2iBCNM+nO6GWKXb8jtG3fKHWCLjZPQtVNaTg38Wnb2M1puRpabdLQd\nCGmvbGNCrLNNQu0jv7ryFQ9N/SEHtQpV+hMGlq+4/XLjIk58gMc7oyiddK9HlYGJ\nicQC7xx3sUVNJip5C4zYjD30iarOZdNxfP/8OzqAuLRD3GVE2hkkYnJ3zTfszxl/\nuOEUwl7KhDtPs+B7FCAlajm85ZvF6P8OxpORG24bigRHustq9ksoOg3/Oam/M+pW\n4SkkWm+3U1DBkspqMyYmC0OsfghLnBnY5OKNl+NBbOczNmFuiDAXzRChf8o0o2be\nbVSBpEKBoSR664VuHfvrdGuT7Ktdg3lQ4kOVr63DiyyfMmd4FMbdgRp9/7cCAwEA\nAQKCAgAmpLTR+VV4fdWeAQ0Pbudt8LZpAOMZuxjUrkfJ7L5S3R4X7X3uul56g7/6\naqgmgpYqtRqe0QMTCALGePDU93xcKKsGOds/Myu1S9w/fTLQyshjAmklptE06xzF\nUr1P1wORM7xE/NFMEurXUpbuwcreKODJX0rsvrkNTqqCQWrMVH+f7kgtJ56yX+i6\nqC2i9GGEjhYKzXR6+r2PFIE3RvEamb0y6OSgASTXTf3126EHTQbdwGGVKaWAdtoH\naviA9S7CzofeAW4WUWDHbiUf3aoJ1mFZPesBiD/dp+FBCiavlTu6lwl3Ru4AmIur\nTxaA9hZRnonXKFk5D/T591gKYvCOSxmI0sWuHFFtHKHpqk+YgxXKYnE/uR64lVE6\nugwdA/nhUPKpCxaoMPS3wPmAXEO7+yDoemzsxCEH/FCvzSgbCAv4gOTkK8J4btRm\nzLK+IQ4O16raalMDaiytd7QAPWsWq/qKLQ2tKGMVoE1uDu0h/st9E8Oop3zt/HiV\n6TM/h46P4gRt+HSk8FWO5Fv2GfamXmG4QxgUVohLggCT2adUpy9p88MpliPHTp8k\nBaZU5sYyoDKMLQuFrXprXqayRaqhn8edwTS9UsHPwzT9fipSxal0hPvg2+w0uFD3\nR5ad+D1+c1laBULIx3QeGn1WB+u/yCz8XWCsgUqp2kTLTQDBLQKCAQEAzgsgBqw1\nIsfAKMu6MKbhUz5rdaKJ3k0eVuVs5eQIwWZ1/aShy/JATCtVFUbBA/nWF6ySFYat\nwLuG2uOyrBT2LYBe+dZQ8DK8pRgJsD6Vq4as+lBkPNtqytKdC6G3Gp+yxkW85Iy+\nrrQ6iv4r7fnqabPI4zoMHwDQsTX93sp+VmkDlKHyLHHc9kpKGKYMx05fAFEHK8M0\nYqYUfbS3zW0de1B+UFciCYs1nJbMOTd86M110w8HlA8pHZoGdmM4AARxvHBHjapE\no6eijLiDFE+ayygRdHdVbqAyU2qnTJmky22BrPPj3WKn49PWP11Z9ImANHC8MFsg\nES0U2OIGVF8kNQKCAQEAy8ax++Ab4upfbvMri9qptq4KRr/B46qgRywI3UEwSdka\nLZLqRwkWkfNh8YphaCzi1MtyGTDu2pl1gv3GMmDRdtgwUtc0eRWATn5KN7fV+Oel\nC3IDmDKU3ueF1FQ839O3Pwz7xLWg9zWlvbIwcZ88PZUHpnCS1bsGTbiPhDLmfs3H\nKHV8KlQrnppP+n8h7hGbnF4RRKel7GsXVIqUm/uSBcOIMqdeN0Zb5pufRoR/YuqL\niD0Dzw2EHceDKy4bOgoq/nw8zaK7Y1q+3DukOI2paaV48ny/a7YMReJrfUdzKOw7\ncRS8r6KKvvOlktKKXlp3eflQ6BsGU44ACdtj7ov5uwKCAQAM9mA2a0EQhhaNuntl\nMip8zTF/fhFEXf+poddfAyCV4jdMFL5lEUGAST2aEBB2ipIwfRfXqNhnhqSuQqLr\n9omiRTA0cYo4Akkh7cg2QUmzN87MFKCpv3gReHyOzcayMxfRJ3QBwOUCIq6ILgNf\nfliD+96IhQ9cJ/X5IBdvm7elAghKooGU0DkBeZz9vfyR0VlisLZNx4MVLbOeUO87\nSkEPj/nSXhjzFsHxrv78HoSKNNrTw19LrkR860K60fUk8yKgo0OtIugcj6BHUBhW\n/8cSPtwSQquqQQPJga0ywXu/nI0K73EHbXx4dcxFwj61hqz9H5aHSERVMEvedSHG\nzxF9AoIBACC7XtWFjxUo7oFk4AbL7dzhIddxb9SBENO92AKqOPZzwAe4BJe6dvyk\nqoPg5XqVUy45K6+uM3+7jKuo1dA7ywma+lAkL1KPyJdTI9rFVcJwewtWmgs1fMI9\nUDrl+Q0+9b1T+ZEEV8G9xUyuNafamxONP7hVdtCMBRww3CSxBGMz7JysGnC2KneE\nc/pZt3qFK4i3d3CeuUE7hnjW9b4Eb9UrLlJsne6lB5gIQVJTcB7Ua+tLWbRFiIY8\nCO7Dri3pejR8gkvJqu3vop6/mcZXwvGsWbwhm6HSkTAciYWLF41oPLgSS6iupDi9\n7EekOAOl5nEaQgu2Y5LCSXFL40ZrB4cCggEBAKIWZ7cCcAmwpDnvuAidBnUs5RXW\nM9y4hTzn8MdNA0avllLic3inEygvdwHb0vYf5M7Y4IlQiP+dzb/gNWSHsNYD8m7w\nVcc4K9eQA8y14QgPTQ5hx7bFV3azyuCgQab1l+H9PC3z3Zaqdo5tO/LWtpyvw/0q\nMIf0kYrBrNtvi0zcvsIBIJNgAxohQ00jQWWyFYfm+40dCKNZ1Rrswip+yViLIPVE\nqt+vhRcZ12mxP+QPUjuOtImX4GMY+HAVVBWGGp2t/BEKBEzMTKOBqGYVcEHXliKw\n0M1k+9jegocquInlZDJg3kvHu8X7W9qZTgrvxwotkmP8XSvas51VBGm1xiI=\n-----END RSA PRIVATE KEY-----\n",
            "private_key_pem_pkcs8": "-----BEGIN PRIVATE KEY-----\nMIIJQgIBADANBgkqhkiG9w0BAQEFAASCCSwwggkoAgEAAoICAQCkAr5AeiSFHY2n\nbltwhv+CIwle3CZ5C1uAoLBEpQdL4TZv2YB/MmC33JAa1bm1hiyifglmGAVOT5dU\ngVXiaYug0ng6GzrlknrF5I4Amq8v3UVFSY3S0owRrZ2DXqqnd4Opz/Z2cI65ZzWT\n+vbc0t/1+3TgLbIhZnYXMF2E5uR3hVEeUAb0JrE1qsEJAk0PXEbOeyxOAtK0tiR8\nm0fwjR/MdEeY+0JSRrjgY9Mis2ExBA5nORxiKpGL1sKnrU3cVYIeJRkEkoYq0Fza\np7xkaec04nwV1qxkjdZei0rxU4b4mKUv7vVBANvCZxL9DaIEI0z6c7oZYpdvyO0b\nd8odYIuNk9C1U1pODfxadvYzWm5Glpt0tB0Iaa9sY0Kss01C7SO/uvIVD039IQe1\nClX6EwaWr7j9cuMiTnyAxzujKJ10r0eVgYmJxALvHHexRU0mKnkLjNiMPfSJqs5l\n03F8//w7OoC4tEPcZUTaGSRicnfNN+zPGX+44RTCXsqEO0+z4HsUICVqObzlm8Xo\n/w7Gk5EbbhuKBEe6y2r2Syg6Df85qb8z6lbhKSRab7dTUMGSymozJiYLQ6x+CEuc\nGdjk4o2X40Fs5zM2YW6IMBfNEKF/yjSjZt5tVIGkQoGhJHrrhW4d++t0a5Psq12D\neVDiQ5WvrcOLLJ8yZ3gUxt2BGn3/twIDAQABAoICACaktNH5VXh91Z4BDQ9u523w\ntmkA4xm7GNSuR8nsvlLdHhftfe66XnqDv/pqqCaCliq1Gp7RAxMIAsZ48NT3fFwo\nqwY52z8zK7VL3D99MtDKyGMCaSWm0TTrHMVSvU/XA5EzvET80UwS6tdSlu7Byt4o\n4MlfSuy+uQ1OqoJBasxUf5/uSC0nnrJf6LqoLaL0YYSOFgrNdHr6vY8UgTdG8RqZ\nvTLo5KABJNdN/fXboQdNBt3AYZUppYB22gdq+ID1LsLOh94BbhZRYMduJR/dqgnW\nYVk96wGIP92n4UEKJq+VO7qXCXdG7gCYi6tPFoD2FlGeidcoWTkP9Pn3WApi8I5L\nGYjSxa4cUW0coemqT5iDFcpicT+5HriVUTq6DB0D+eFQ8qkLFqgw9LfA+YBcQ7v7\nIOh6bOzEIQf8UK/NKBsIC/iA5OQrwnhu1GbMsr4hDg7XqtpqUwNqLK13tAA9axar\n+ootDa0oYxWgTW4O7SH+y30Tw6infO38eJXpMz+Hjo/iBG34dKTwVY7kW/YZ9qZe\nYbhDGBRWiEuCAJPZp1SnL2nzwymWI8dOnyQFplTmxjKgMowtC4WtemteprJFqqGf\nx53BNL1Swc/DNP1+KlLFqXSE++Db7DS4UPdHlp34PX5zWVoFQsjHdB4afVYH67/I\nLPxdYKyBSqnaRMtNAMEtAoIBAQDOCyAGrDUix8Aoy7owpuFTPmt1ooneTR5W5Wzl\n5AjBZnX9pKHL8kBMK1UVRsED+dYXrJIVhq3Au4ba47KsFPYtgF751lDwMrylGAmw\nPpWrhqz6UGQ822rK0p0Lobcan7LGRbzkjL6utDqK/ivt+epps8jjOgwfANCxNf3e\nyn5WaQOUofIscdz2SkoYpgzHTl8AUQcrwzRiphR9tLfNbR17UH5QVyIJizWclsw5\nN3zozXXTDweUDykdmgZ2YzgABHG8cEeNqkSjp6KMuIMUT5rLKBF0d1VuoDJTaqdM\nmaTLbYGs8+PdYqfj09Y/XVn0iYA0cLwwWyARLRTY4gZUXyQ1AoIBAQDLxrH74Bvi\n6l9u8yuL2qm2rgpGv8HjqqBHLAjdQTBJ2RotkupHCRaR82HximFoLOLUy3IZMO7a\nmXWC/cYyYNF22DBS1zR5FYBOfko3t9X456ULcgOYMpTe54XUVDzf07c/DPvEtaD3\nNaW9sjBxnzw9lQemcJLVuwZNuI+EMuZ+zccodXwqVCuemk/6fyHuEZucXhFEp6Xs\naxdUipSb+5IFw4gyp143Rlvmm59GhH9i6ouIPQPPDYQdx4MrLhs6Cir+fDzNortj\nWr7cO6Q4jalppXjyfL9rtgxF4mt9R3Mo7DtxFLyvooq+86WS0opeWnd5+VDoGwZT\njgAJ22Pui/m7AoIBAAz2YDZrQRCGFo26e2UyKnzNMX9+EURd/6mh118DIJXiN0wU\nvmURQYBJPZoQEHaKkjB9F9eo2GeGpK5Couv2iaJFMDRxijgCSSHtyDZBSbM3zswU\noKm/eBF4fI7NxrIzF9EndAHA5QIiroguA19+WIP73oiFD1wn9fkgF2+bt6UCCEqi\ngZTQOQF5nP29/JHRWWKwtk3HgxUts55Q7ztKQQ+P+dJeGPMWwfGu/vwehIo02tPD\nX0uuRHzrQrrR9STzIqCjQ60i6ByPoEdQGFb/xxI+3BJCq6pBA8mBrTLBe7+cjQrv\ncQdtfHh1zEXCPrWGrP0flodIRFUwS951IcbPEX0CggEAILte1YWPFSjugWTgBsvt\n3OEh13Fv1IEQ073YAqo49nPAB7gEl7p2/KSqg+DlepVTLjkrr64zf7uMq6jV0DvL\nCZr6UCQvUo/Il1Mj2sVVwnB7C1aaCzV8wj1QOuX5DT71vVP5kQRXwb3FTK41p9qb\nE40/uFV20IwFHDDcJLEEYzPsnKwacLYqd4Rz+lm3eoUriLd3cJ65QTuGeNb1vgRv\n1SsuUmyd7qUHmAhBUlNwHtRr60tZtEWIhjwI7sOuLel6NHyCS8mq7e+inr+ZxlfC\n8axZvCGbodKRMByJhYsXjWg8uBJLqK6kOL3sR6Q4A6XmcRpCC7ZjksJJcUvjRmsH\nhwKCAQEAohZntwJwCbCkOe+4CJ0GdSzlFdYz3LiFPOfwx00DRq+WUuJzeKcTKC93\nAdvS9h/kztjgiVCI/53Nv+A1ZIew1gPybvBVxzgr15ADzLXhCA9NDmHHtsVXdrPK\n4KBBpvWX4f08LfPdlqp2jm078ta2nK/D/Sowh/SRisGs22+LTNy+wgEgk2ADGiFD\nTSNBZbIVh+b7jR0Io1nVGuzCKn7JWIsg9USq36+FFxnXabE/5A9SO460iZfgYxj4\ncBVUFYYana38EQoETMxMo4GoZhVwQdeWIrDQzWT72N6Chyq4ieVkMmDeS8e7xftb\n2plOCu/HCi2SY/xdK9qznVUEabXGIg==\n-----END PRIVATE KEY-----\n",
            "public_key_fingerprint_md5": "ed:f5:32:36:b4:b5:be:8d:82:e4:1f:66:01:0e:98:31",
            "public_key_fingerprint_sha256": "SHA256:jguy+4Aegt5m9zb/7rr2kFpFZDN6nUDtoLYlYoFIOhE",
            "public_key_openssh": "ssh-rsa AAAAB3NzaC1yc2EAAAADAQABAAACAQCkAr5AeiSFHY2nbltwhv+CIwle3CZ5C1uAoLBEpQdL4TZv2YB/MmC33JAa1bm1hiyifglmGAVOT5dUgVXiaYug0ng6GzrlknrF5I4Amq8v3UVFSY3S0owRrZ2DXqqnd4Opz/Z2cI65ZzWT+vbc0t/1+3TgLbIhZnYXMF2E5uR3hVEeUAb0JrE1qsEJAk0PXEbOeyxOAtK0tiR8m0fwjR/MdEeY+0JSRrjgY9Mis2ExBA5nORxiKpGL1sKnrU3cVYIeJRkEkoYq0Fzap7xkaec04nwV1qxkjdZei0rxU4b4mKUv7vVBANvCZxL9DaIEI0z6c7oZYpdvyO0bd8odYIuNk9C1U1pODfxadvYzWm5Glpt0tB0Iaa9sY0Kss01C7SO/uvIVD039IQe1ClX6EwaWr7j9cuMiTnyAxzujKJ10r0eVgYmJxALvHHexRU0mKnkLjNiMPfSJqs5l03F8//w7OoC4tEPcZUTaGSRicnfNN+zPGX+44RTCXsqEO0+z4HsUICVqObzlm8Xo/w7Gk5EbbhuKBEe6y2r2Syg6Df85qb8z6lbhKSRab7dTUMGSymozJiYLQ6x+CEucGdjk4o2X40Fs5zM2YW6IMBfNEKF/yjSjZt5tVIGkQoGhJHrrhW4d++t0a5Psq12DeVDiQ5WvrcOLLJ8yZ3gUxt2BGn3/tw==\n",
            "public_key_pem": "-----BEGIN PUBLIC KEY-----\nMIICIjANBgkqhkiG9w0BAQEFAAOCAg8AMIICCgKCAgEApAK+QHokhR2Np25bcIb/\ngiMJXtwmeQtbgKCwRKUHS+E2b9mAfzJgt9yQGtW5tYYson4JZhgFTk+XVIFV4mmL\noNJ4Ohs65ZJ6xeSOAJqvL91FRUmN0tKMEa2dg16qp3eDqc/2dnCOuWc1k/r23NLf\n9ft04C2yIWZ2FzBdhObkd4VRHlAG9CaxNarBCQJND1xGznssTgLStLYkfJtH8I0f\nzHRHmPtCUka44GPTIrNhMQQOZzkcYiqRi9bCp61N3FWCHiUZBJKGKtBc2qe8ZGnn\nNOJ8FdasZI3WXotK8VOG+JilL+71QQDbwmcS/Q2iBCNM+nO6GWKXb8jtG3fKHWCL\njZPQtVNaTg38Wnb2M1puRpabdLQdCGmvbGNCrLNNQu0jv7ryFQ9N/SEHtQpV+hMG\nlq+4/XLjIk58gMc7oyiddK9HlYGJicQC7xx3sUVNJip5C4zYjD30iarOZdNxfP/8\nOzqAuLRD3GVE2hkkYnJ3zTfszxl/uOEUwl7KhDtPs+B7FCAlajm85ZvF6P8OxpOR\nG24bigRHustq9ksoOg3/Oam/M+pW4SkkWm+3U1DBkspqMyYmC0OsfghLnBnY5OKN\nl+NBbOczNmFuiDAXzRChf8o0o2bebVSBpEKBoSR664VuHfvrdGuT7Ktdg3lQ4kOV\nr63DiyyfMmd4FMbdgRp9/7cCAwEAAQ==\n-----END PUBLIC KEY-----\n",
            "rsa_bits": 4096
          },
          "sensitive_attributes": [
            [
              {
                "type": "get_attr",
                "value": "private_key_openssh"
              }
            ],
            [
              {
                "type": "get_attr",
                "value": "private_key_pem_pkcs8"
              }
            ],
            [
              {
                "type": "get_attr",
                "value": "private_key_pem"
              }
            ]
          ]
        }
      ]
    }
  ],
  "check_results": null
}
